// !$*UTF8*$!
{
	archiveVersion = 1;
	classes = {
	};
	objectVersion = 48;
	objects = {

/* Begin PBXBuildFile section */
		6F258E5C86623952E7C08D1F /* Pods_NestEgg.framework in Frameworks */ = {isa = PBXBuildFile; fileRef = 7D5E193CFDDF26C397AA3131 /* Pods_NestEgg.framework */; };
		73EC65761FCB292D00991F46 /* AppDelegate.swift in Sources */ = {isa = PBXBuildFile; fileRef = 73EC65751FCB292D00991F46 /* AppDelegate.swift */; };
		73EC65781FCB292D00991F46 /* ViewController.swift in Sources */ = {isa = PBXBuildFile; fileRef = 73EC65771FCB292D00991F46 /* ViewController.swift */; };
		73EC657B1FCB292D00991F46 /* Main.storyboard in Resources */ = {isa = PBXBuildFile; fileRef = 73EC65791FCB292D00991F46 /* Main.storyboard */; };
		73EC657D1FCB292D00991F46 /* Assets.xcassets in Resources */ = {isa = PBXBuildFile; fileRef = 73EC657C1FCB292D00991F46 /* Assets.xcassets */; };
		73EC65801FCB292D00991F46 /* LaunchScreen.storyboard in Resources */ = {isa = PBXBuildFile; fileRef = 73EC657E1FCB292D00991F46 /* LaunchScreen.storyboard */; };
		73EC658C1FCB298000991F46 /* Pet.swift in Sources */ = {isa = PBXBuildFile; fileRef = 73EC658B1FCB298000991F46 /* Pet.swift */; };
		73EC658F1FCB2BCA00991F46 /* dog.png in Resources */ = {isa = PBXBuildFile; fileRef = 73EC658D1FCB2BCA00991F46 /* dog.png */; };
		73EC65901FCB2BCA00991F46 /* background.png in Resources */ = {isa = PBXBuildFile; fileRef = 73EC658E1FCB2BCA00991F46 /* background.png */; };
		A07A4AD01FD234BC00669DDE /* FBSDKLoginKit.framework in Frameworks */ = {isa = PBXBuildFile; fileRef = A07A4ACE1FD234BB00669DDE /* FBSDKLoginKit.framework */; };
		A07A4AD11FD234BC00669DDE /* FBSDKCoreKit.framework in Frameworks */ = {isa = PBXBuildFile; fileRef = A07A4ACF1FD234BC00669DDE /* FBSDKCoreKit.framework */; };
		A07A4AD31FD238F200669DDE /* LoginController.swift in Sources */ = {isa = PBXBuildFile; fileRef = A07A4AD21FD238F200669DDE /* LoginController.swift */; };
		A07A4AD51FD3157200669DDE /* RegisterUserViewController.swift in Sources */ = {isa = PBXBuildFile; fileRef = A07A4AD41FD3157100669DDE /* RegisterUserViewController.swift */; };
		A07A4AD81FD3158F00669DDE /* Calvin's main .storyboard in Resources */ = {isa = PBXBuildFile; fileRef = A07A4AD61FD3158F00669DDE /* Calvin's main .storyboard */; };
/* End PBXBuildFile section */

/* Begin PBXFileReference section */
		27091661AF20BB53609AFE1E /* Pods-NestEgg.release.xcconfig */ = {isa = PBXFileReference; includeInIndex = 1; lastKnownFileType = text.xcconfig; name = "Pods-NestEgg.release.xcconfig"; path = "Pods/Target Support Files/Pods-NestEgg/Pods-NestEgg.release.xcconfig"; sourceTree = "<group>"; };
		73EC65721FCB292D00991F46 /* NestEgg.app */ = {isa = PBXFileReference; explicitFileType = wrapper.application; includeInIndex = 0; path = NestEgg.app; sourceTree = BUILT_PRODUCTS_DIR; };
		73EC65751FCB292D00991F46 /* AppDelegate.swift */ = {isa = PBXFileReference; lastKnownFileType = sourcecode.swift; path = AppDelegate.swift; sourceTree = "<group>"; };
		73EC65771FCB292D00991F46 /* ViewController.swift */ = {isa = PBXFileReference; lastKnownFileType = sourcecode.swift; path = ViewController.swift; sourceTree = "<group>"; };
		73EC657A1FCB292D00991F46 /* Base */ = {isa = PBXFileReference; lastKnownFileType = file.storyboard; name = Base; path = Base.lproj/Main.storyboard; sourceTree = "<group>"; };
		73EC657C1FCB292D00991F46 /* Assets.xcassets */ = {isa = PBXFileReference; lastKnownFileType = folder.assetcatalog; path = Assets.xcassets; sourceTree = "<group>"; };
		73EC657F1FCB292D00991F46 /* Base */ = {isa = PBXFileReference; lastKnownFileType = file.storyboard; name = Base; path = Base.lproj/LaunchScreen.storyboard; sourceTree = "<group>"; };
		73EC65811FCB292D00991F46 /* Info.plist */ = {isa = PBXFileReference; lastKnownFileType = text.plist.xml; path = Info.plist; sourceTree = "<group>"; };
		73EC658B1FCB298000991F46 /* Pet.swift */ = {isa = PBXFileReference; lastKnownFileType = sourcecode.swift; path = Pet.swift; sourceTree = "<group>"; };
		73EC658D1FCB2BCA00991F46 /* dog.png */ = {isa = PBXFileReference; lastKnownFileType = image.png; path = dog.png; sourceTree = "<group>"; };
		73EC658E1FCB2BCA00991F46 /* background.png */ = {isa = PBXFileReference; lastKnownFileType = image.png; path = background.png; sourceTree = "<group>"; };
		7D5E193CFDDF26C397AA3131 /* Pods_NestEgg.framework */ = {isa = PBXFileReference; explicitFileType = wrapper.framework; includeInIndex = 0; path = Pods_NestEgg.framework; sourceTree = BUILT_PRODUCTS_DIR; };
		80B355C48C05B2B27C182981 /* Pods-NestEgg.debug.xcconfig */ = {isa = PBXFileReference; includeInIndex = 1; lastKnownFileType = text.xcconfig; name = "Pods-NestEgg.debug.xcconfig"; path = "Pods/Target Support Files/Pods-NestEgg/Pods-NestEgg.debug.xcconfig"; sourceTree = "<group>"; };
		A07A4ACE1FD234BB00669DDE /* FBSDKLoginKit.framework */ = {isa = PBXFileReference; lastKnownFileType = wrapper.framework; name = FBSDKLoginKit.framework; path = FacebookSDK/FBSDKLoginKit.framework; sourceTree = "<group>"; };
		A07A4ACF1FD234BC00669DDE /* FBSDKCoreKit.framework */ = {isa = PBXFileReference; lastKnownFileType = wrapper.framework; name = FBSDKCoreKit.framework; path = FacebookSDK/FBSDKCoreKit.framework; sourceTree = "<group>"; };
		A07A4AD21FD238F200669DDE /* LoginController.swift */ = {isa = PBXFileReference; lastKnownFileType = sourcecode.swift; path = LoginController.swift; sourceTree = "<group>"; };
		A07A4AD41FD3157100669DDE /* RegisterUserViewController.swift */ = {isa = PBXFileReference; fileEncoding = 4; lastKnownFileType = sourcecode.swift; path = RegisterUserViewController.swift; sourceTree = "<group>"; };
		A07A4AD71FD3158F00669DDE /* Base */ = {isa = PBXFileReference; lastKnownFileType = file.storyboard; name = Base; path = "Base.lproj/Calvin's main .storyboard"; sourceTree = "<group>"; };
/* End PBXFileReference section */

/* Begin PBXFrameworksBuildPhase section */
		73EC656F1FCB292D00991F46 /* Frameworks */ = {
			isa = PBXFrameworksBuildPhase;
			buildActionMask = 2147483647;
			files = (
				A07A4AD01FD234BC00669DDE /* FBSDKLoginKit.framework in Frameworks */,
				A07A4AD11FD234BC00669DDE /* FBSDKCoreKit.framework in Frameworks */,
				6F258E5C86623952E7C08D1F /* Pods_NestEgg.framework in Frameworks */,
			);
			runOnlyForDeploymentPostprocessing = 0;
		};
/* End PBXFrameworksBuildPhase section */

/* Begin PBXGroup section */
		73EC65691FCB292D00991F46 = {
			isa = PBXGroup;
			children = (
				73EC65741FCB292D00991F46 /* NestEgg */,
				73EC65731FCB292D00991F46 /* Products */,
				A07A4ACD1FD234BB00669DDE /* Frameworks */,
				8479795186366042AAD546E8 /* Pods */,
			);
			sourceTree = "<group>";
		};
		73EC65731FCB292D00991F46 /* Products */ = {
			isa = PBXGroup;
			children = (
				73EC65721FCB292D00991F46 /* NestEgg.app */,
			);
			name = Products;
			sourceTree = "<group>";
		};
		73EC65741FCB292D00991F46 /* NestEgg */ = {
			isa = PBXGroup;
			children = (
				73EC65811FCB292D00991F46 /* Info.plist */,
				73EC657E1FCB292D00991F46 /* LaunchScreen.storyboard */,
				73EC65891FCB294700991F46 /* Controller */,
				73EC65881FCB294000991F46 /* View */,
				73EC65871FCB293600991F46 /* Model */,
				73EC658A1FCB296100991F46 /* Images */,
			);
			path = NestEgg;
			sourceTree = "<group>";
		};
		73EC65871FCB293600991F46 /* Model */ = {
			isa = PBXGroup;
			children = (
				73EC658B1FCB298000991F46 /* Pet.swift */,
			);
			path = Model;
			sourceTree = "<group>";
		};
		73EC65881FCB294000991F46 /* View */ = {
			isa = PBXGroup;
			children = (
				A07A4AD61FD3158F00669DDE /* Calvin's main .storyboard */,
				73EC65791FCB292D00991F46 /* Main.storyboard */,
				73EC657C1FCB292D00991F46 /* Assets.xcassets */,
			);
			path = View;
			sourceTree = "<group>";
		};
		73EC65891FCB294700991F46 /* Controller */ = {
			isa = PBXGroup;
			children = (
				A07A4AD41FD3157100669DDE /* RegisterUserViewController.swift */,
				73EC65751FCB292D00991F46 /* AppDelegate.swift */,
				73EC65771FCB292D00991F46 /* ViewController.swift */,
				A07A4AD21FD238F200669DDE /* LoginController.swift */,
			);
			path = Controller;
			sourceTree = "<group>";
		};
		73EC658A1FCB296100991F46 /* Images */ = {
			isa = PBXGroup;
			children = (
				73EC658E1FCB2BCA00991F46 /* background.png */,
				73EC658D1FCB2BCA00991F46 /* dog.png */,
			);
			path = Images;
			sourceTree = "<group>";
		};
		8479795186366042AAD546E8 /* Pods */ = {
			isa = PBXGroup;
			children = (
				80B355C48C05B2B27C182981 /* Pods-NestEgg.debug.xcconfig */,
				27091661AF20BB53609AFE1E /* Pods-NestEgg.release.xcconfig */,
			);
			name = Pods;
			sourceTree = "<group>";
		};
		A07A4ACD1FD234BB00669DDE /* Frameworks */ = {
			isa = PBXGroup;
			children = (
				A07A4ACF1FD234BC00669DDE /* FBSDKCoreKit.framework */,
				A07A4ACE1FD234BB00669DDE /* FBSDKLoginKit.framework */,
				7D5E193CFDDF26C397AA3131 /* Pods_NestEgg.framework */,
			);
			name = Frameworks;
			sourceTree = "<group>";
		};
/* End PBXGroup section */

/* Begin PBXNativeTarget section */
		73EC65711FCB292D00991F46 /* NestEgg */ = {
			isa = PBXNativeTarget;
			buildConfigurationList = 73EC65841FCB292D00991F46 /* Build configuration list for PBXNativeTarget "NestEgg" */;
			buildPhases = (
				C686C0DECE26BA8C94E6077F /* [CP] Check Pods Manifest.lock */,
				73EC656E1FCB292D00991F46 /* Sources */,
				73EC656F1FCB292D00991F46 /* Frameworks */,
				73EC65701FCB292D00991F46 /* Resources */,
				40B40EB04421A062EA34B768 /* [CP] Embed Pods Frameworks */,
				13D582E43AD41A72439AC551 /* [CP] Copy Pods Resources */,
			);
			buildRules = (
			);
			dependencies = (
			);
			name = NestEgg;
			productName = NestEgg;
			productReference = 73EC65721FCB292D00991F46 /* NestEgg.app */;
			productType = "com.apple.product-type.application";
		};
/* End PBXNativeTarget section */

/* Begin PBXProject section */
		73EC656A1FCB292D00991F46 /* Project object */ = {
			isa = PBXProject;
			attributes = {
				LastSwiftUpdateCheck = 0910;
				LastUpgradeCheck = 0910;
				ORGANIZATIONNAME = "Andrew Chau";
				TargetAttributes = {
					73EC65711FCB292D00991F46 = {
						CreatedOnToolsVersion = 9.1;
						ProvisioningStyle = Automatic;
					};
				};
			};
			buildConfigurationList = 73EC656D1FCB292D00991F46 /* Build configuration list for PBXProject "NestEgg" */;
			compatibilityVersion = "Xcode 8.0";
			developmentRegion = en;
			hasScannedForEncodings = 0;
			knownRegions = (
				en,
				Base,
			);
			mainGroup = 73EC65691FCB292D00991F46;
			productRefGroup = 73EC65731FCB292D00991F46 /* Products */;
			projectDirPath = "";
			projectRoot = "";
			targets = (
				73EC65711FCB292D00991F46 /* NestEgg */,
			);
		};
/* End PBXProject section */

/* Begin PBXResourcesBuildPhase section */
		73EC65701FCB292D00991F46 /* Resources */ = {
			isa = PBXResourcesBuildPhase;
			buildActionMask = 2147483647;
			files = (
				73EC658F1FCB2BCA00991F46 /* dog.png in Resources */,
				73EC65901FCB2BCA00991F46 /* background.png in Resources */,
				A07A4AD81FD3158F00669DDE /* Calvin's main .storyboard in Resources */,
				73EC65801FCB292D00991F46 /* LaunchScreen.storyboard in Resources */,
				73EC657D1FCB292D00991F46 /* Assets.xcassets in Resources */,
				73EC657B1FCB292D00991F46 /* Main.storyboard in Resources */,
			);
			runOnlyForDeploymentPostprocessing = 0;
		};
/* End PBXResourcesBuildPhase section */

/* Begin PBXShellScriptBuildPhase section */
		13D582E43AD41A72439AC551 /* [CP] Copy Pods Resources */ = {
			isa = PBXShellScriptBuildPhase;
			buildActionMask = 2147483647;
			files = (
			);
			inputPaths = (
				"${SRCROOT}/Pods/Target Support Files/Pods-NestEgg/Pods-NestEgg-resources.sh",
				"${PODS_ROOT}/GoogleSignIn/Resources/GoogleSignIn.bundle",
			);
			name = "[CP] Copy Pods Resources";
			outputPaths = (
				"${TARGET_BUILD_DIR}/${UNLOCALIZED_RESOURCES_FOLDER_PATH}",
			);
			runOnlyForDeploymentPostprocessing = 0;
			shellPath = /bin/sh;
			shellScript = "\"${SRCROOT}/Pods/Target Support Files/Pods-NestEgg/Pods-NestEgg-resources.sh\"\n";
			showEnvVarsInLog = 0;
		};
		40B40EB04421A062EA34B768 /* [CP] Embed Pods Frameworks */ = {
			isa = PBXShellScriptBuildPhase;
			buildActionMask = 2147483647;
			files = (
			);
			inputPaths = (
				"${SRCROOT}/Pods/Target Support Files/Pods-NestEgg/Pods-NestEgg-frameworks.sh",
				"${BUILT_PRODUCTS_DIR}/Alamofire/Alamofire.framework",
				"${BUILT_PRODUCTS_DIR}/AlamofireSwiftyJSON/AlamofireSwiftyJSON.framework",
				"${BUILT_PRODUCTS_DIR}/GTMOAuth2/GTMOAuth2.framework",
				"${BUILT_PRODUCTS_DIR}/GTMSessionFetcher/GTMSessionFetcher.framework",
				"${BUILT_PRODUCTS_DIR}/GoogleToolboxForMac/GoogleToolboxForMac.framework",
				"${BUILT_PRODUCTS_DIR}/SwiftyJSON/SwiftyJSON.framework",
			);
			name = "[CP] Embed Pods Frameworks";
			outputPaths = (
				"${TARGET_BUILD_DIR}/${FRAMEWORKS_FOLDER_PATH}/Alamofire.framework",
				"${TARGET_BUILD_DIR}/${FRAMEWORKS_FOLDER_PATH}/AlamofireSwiftyJSON.framework",
				"${TARGET_BUILD_DIR}/${FRAMEWORKS_FOLDER_PATH}/GTMOAuth2.framework",
				"${TARGET_BUILD_DIR}/${FRAMEWORKS_FOLDER_PATH}/GTMSessionFetcher.framework",
				"${TARGET_BUILD_DIR}/${FRAMEWORKS_FOLDER_PATH}/GoogleToolboxForMac.framework",
				"${TARGET_BUILD_DIR}/${FRAMEWORKS_FOLDER_PATH}/SwiftyJSON.framework",
			);
			runOnlyForDeploymentPostprocessing = 0;
			shellPath = /bin/sh;
			shellScript = "\"${SRCROOT}/Pods/Target Support Files/Pods-NestEgg/Pods-NestEgg-frameworks.sh\"\n";
			showEnvVarsInLog = 0;
		};
		C686C0DECE26BA8C94E6077F /* [CP] Check Pods Manifest.lock */ = {
			isa = PBXShellScriptBuildPhase;
			buildActionMask = 2147483647;
			files = (
			);
			inputPaths = (
				"${PODS_PODFILE_DIR_PATH}/Podfile.lock",
				"${PODS_ROOT}/Manifest.lock",
			);
			name = "[CP] Check Pods Manifest.lock";
			outputPaths = (
				"$(DERIVED_FILE_DIR)/Pods-NestEgg-checkManifestLockResult.txt",
			);
			runOnlyForDeploymentPostprocessing = 0;
			shellPath = /bin/sh;
			shellScript = "diff \"${PODS_PODFILE_DIR_PATH}/Podfile.lock\" \"${PODS_ROOT}/Manifest.lock\" > /dev/null\nif [ $? != 0 ] ; then\n    # print error to STDERR\n    echo \"error: The sandbox is not in sync with the Podfile.lock. Run 'pod install' or update your CocoaPods installation.\" >&2\n    exit 1\nfi\n# This output is used by Xcode 'outputs' to avoid re-running this script phase.\necho \"SUCCESS\" > \"${SCRIPT_OUTPUT_FILE_0}\"\n";
			showEnvVarsInLog = 0;
		};
/* End PBXShellScriptBuildPhase section */

/* Begin PBXSourcesBuildPhase section */
		73EC656E1FCB292D00991F46 /* Sources */ = {
			isa = PBXSourcesBuildPhase;
			buildActionMask = 2147483647;
			files = (
				A07A4AD51FD3157200669DDE /* RegisterUserViewController.swift in Sources */,
				73EC65781FCB292D00991F46 /* ViewController.swift in Sources */,
				A07A4AD31FD238F200669DDE /* LoginController.swift in Sources */,
				73EC658C1FCB298000991F46 /* Pet.swift in Sources */,
				73EC65761FCB292D00991F46 /* AppDelegate.swift in Sources */,
			);
			runOnlyForDeploymentPostprocessing = 0;
		};
/* End PBXSourcesBuildPhase section */

/* Begin PBXVariantGroup section */
		73EC65791FCB292D00991F46 /* Main.storyboard */ = {
			isa = PBXVariantGroup;
			children = (
				73EC657A1FCB292D00991F46 /* Base */,
			);
			name = Main.storyboard;
			sourceTree = "<group>";
		};
		73EC657E1FCB292D00991F46 /* LaunchScreen.storyboard */ = {
			isa = PBXVariantGroup;
			children = (
				73EC657F1FCB292D00991F46 /* Base */,
			);
			name = LaunchScreen.storyboard;
			sourceTree = "<group>";
		};
		A07A4AD61FD3158F00669DDE /* Calvin's main .storyboard */ = {
			isa = PBXVariantGroup;
			children = (
				A07A4AD71FD3158F00669DDE /* Base */,
			);
			name = "Calvin's main .storyboard";
			sourceTree = "<group>";
		};
/* End PBXVariantGroup section */

/* Begin XCBuildConfiguration section */
		73EC65821FCB292D00991F46 /* Debug */ = {
			isa = XCBuildConfiguration;
			buildSettings = {
				ALWAYS_SEARCH_USER_PATHS = NO;
				CLANG_ANALYZER_NONNULL = YES;
				CLANG_ANALYZER_NUMBER_OBJECT_CONVERSION = YES_AGGRESSIVE;
				CLANG_CXX_LANGUAGE_STANDARD = "gnu++14";
				CLANG_CXX_LIBRARY = "libc++";
				CLANG_ENABLE_MODULES = YES;
				CLANG_ENABLE_OBJC_ARC = YES;
				CLANG_WARN_BLOCK_CAPTURE_AUTORELEASING = YES;
				CLANG_WARN_BOOL_CONVERSION = YES;
				CLANG_WARN_COMMA = YES;
				CLANG_WARN_CONSTANT_CONVERSION = YES;
				CLANG_WARN_DIRECT_OBJC_ISA_USAGE = YES_ERROR;
				CLANG_WARN_DOCUMENTATION_COMMENTS = YES;
				CLANG_WARN_EMPTY_BODY = YES;
				CLANG_WARN_ENUM_CONVERSION = YES;
				CLANG_WARN_INFINITE_RECURSION = YES;
				CLANG_WARN_INT_CONVERSION = YES;
				CLANG_WARN_NON_LITERAL_NULL_CONVERSION = YES;
				CLANG_WARN_OBJC_LITERAL_CONVERSION = YES;
				CLANG_WARN_OBJC_ROOT_CLASS = YES_ERROR;
				CLANG_WARN_RANGE_LOOP_ANALYSIS = YES;
				CLANG_WARN_STRICT_PROTOTYPES = YES;
				CLANG_WARN_SUSPICIOUS_MOVE = YES;
				CLANG_WARN_UNGUARDED_AVAILABILITY = YES_AGGRESSIVE;
				CLANG_WARN_UNREACHABLE_CODE = YES;
				CLANG_WARN__DUPLICATE_METHOD_MATCH = YES;
				CODE_SIGN_IDENTITY = "iPhone Developer";
				COPY_PHASE_STRIP = NO;
				DEBUG_INFORMATION_FORMAT = dwarf;
				ENABLE_STRICT_OBJC_MSGSEND = YES;
				ENABLE_TESTABILITY = YES;
				GCC_C_LANGUAGE_STANDARD = gnu11;
				GCC_DYNAMIC_NO_PIC = NO;
				GCC_NO_COMMON_BLOCKS = YES;
				GCC_OPTIMIZATION_LEVEL = 0;
				GCC_PREPROCESSOR_DEFINITIONS = (
					"DEBUG=1",
					"$(inherited)",
				);
				GCC_WARN_64_TO_32_BIT_CONVERSION = YES;
				GCC_WARN_ABOUT_RETURN_TYPE = YES_ERROR;
				GCC_WARN_UNDECLARED_SELECTOR = YES;
				GCC_WARN_UNINITIALIZED_AUTOS = YES_AGGRESSIVE;
				GCC_WARN_UNUSED_FUNCTION = YES;
				GCC_WARN_UNUSED_VARIABLE = YES;
				IPHONEOS_DEPLOYMENT_TARGET = 11.1;
				MTL_ENABLE_DEBUG_INFO = YES;
				ONLY_ACTIVE_ARCH = YES;
				SDKROOT = iphoneos;
				SWIFT_ACTIVE_COMPILATION_CONDITIONS = DEBUG;
				SWIFT_OPTIMIZATION_LEVEL = "-Onone";
			};
			name = Debug;
		};
		73EC65831FCB292D00991F46 /* Release */ = {
			isa = XCBuildConfiguration;
			buildSettings = {
				ALWAYS_SEARCH_USER_PATHS = NO;
				CLANG_ANALYZER_NONNULL = YES;
				CLANG_ANALYZER_NUMBER_OBJECT_CONVERSION = YES_AGGRESSIVE;
				CLANG_CXX_LANGUAGE_STANDARD = "gnu++14";
				CLANG_CXX_LIBRARY = "libc++";
				CLANG_ENABLE_MODULES = YES;
				CLANG_ENABLE_OBJC_ARC = YES;
				CLANG_WARN_BLOCK_CAPTURE_AUTORELEASING = YES;
				CLANG_WARN_BOOL_CONVERSION = YES;
				CLANG_WARN_COMMA = YES;
				CLANG_WARN_CONSTANT_CONVERSION = YES;
				CLANG_WARN_DIRECT_OBJC_ISA_USAGE = YES_ERROR;
				CLANG_WARN_DOCUMENTATION_COMMENTS = YES;
				CLANG_WARN_EMPTY_BODY = YES;
				CLANG_WARN_ENUM_CONVERSION = YES;
				CLANG_WARN_INFINITE_RECURSION = YES;
				CLANG_WARN_INT_CONVERSION = YES;
				CLANG_WARN_NON_LITERAL_NULL_CONVERSION = YES;
				CLANG_WARN_OBJC_LITERAL_CONVERSION = YES;
				CLANG_WARN_OBJC_ROOT_CLASS = YES_ERROR;
				CLANG_WARN_RANGE_LOOP_ANALYSIS = YES;
				CLANG_WARN_STRICT_PROTOTYPES = YES;
				CLANG_WARN_SUSPICIOUS_MOVE = YES;
				CLANG_WARN_UNGUARDED_AVAILABILITY = YES_AGGRESSIVE;
				CLANG_WARN_UNREACHABLE_CODE = YES;
				CLANG_WARN__DUPLICATE_METHOD_MATCH = YES;
				CODE_SIGN_IDENTITY = "iPhone Developer";
				COPY_PHASE_STRIP = NO;
				DEBUG_INFORMATION_FORMAT = "dwarf-with-dsym";
				ENABLE_NS_ASSERTIONS = NO;
				ENABLE_STRICT_OBJC_MSGSEND = YES;
				GCC_C_LANGUAGE_STANDARD = gnu11;
				GCC_NO_COMMON_BLOCKS = YES;
				GCC_WARN_64_TO_32_BIT_CONVERSION = YES;
				GCC_WARN_ABOUT_RETURN_TYPE = YES_ERROR;
				GCC_WARN_UNDECLARED_SELECTOR = YES;
				GCC_WARN_UNINITIALIZED_AUTOS = YES_AGGRESSIVE;
				GCC_WARN_UNUSED_FUNCTION = YES;
				GCC_WARN_UNUSED_VARIABLE = YES;
				IPHONEOS_DEPLOYMENT_TARGET = 11.1;
				MTL_ENABLE_DEBUG_INFO = NO;
				SDKROOT = iphoneos;
				SWIFT_OPTIMIZATION_LEVEL = "-Owholemodule";
				VALIDATE_PRODUCT = YES;
			};
			name = Release;
		};
		73EC65851FCB292D00991F46 /* Debug */ = {
			isa = XCBuildConfiguration;
			baseConfigurationReference = 80B355C48C05B2B27C182981 /* Pods-NestEgg.debug.xcconfig */;
			buildSettings = {
				ASSETCATALOG_COMPILER_APPICON_NAME = AppIcon;
				CODE_SIGN_STYLE = Automatic;
				DEVELOPMENT_TEAM = R3Y92H5QW4;
				FRAMEWORK_SEARCH_PATHS = (
					"$(inherited)",
					"$(PROJECT_DIR)/FacebookSDK",
					"$(PROJECT_DIR)",
					/Users/mflorkie/Documents/workspace/NestEgg/FacebookSDK,
				);
				INFOPLIST_FILE = NestEgg/Info.plist;
				LD_RUNPATH_SEARCH_PATHS = "$(inherited) @executable_path/Frameworks";
				PRODUCT_BUNDLE_IDENTIFIER = com.andrewchau.NestEgg;
				PRODUCT_NAME = "$(TARGET_NAME)";
				SWIFT_VERSION = 4.0;
				TARGETED_DEVICE_FAMILY = 1;
			};
			name = Debug;
		};
		73EC65861FCB292D00991F46 /* Release */ = {
			isa = XCBuildConfiguration;
			baseConfigurationReference = 27091661AF20BB53609AFE1E /* Pods-NestEgg.release.xcconfig */;
			buildSettings = {
				ASSETCATALOG_COMPILER_APPICON_NAME = AppIcon;
				CODE_SIGN_STYLE = Automatic;
				DEVELOPMENT_TEAM = R3Y92H5QW4;
				FRAMEWORK_SEARCH_PATHS = (
					"$(inherited)",
					"$(PROJECT_DIR)/FacebookSDK",
					"$(PROJECT_DIR)",
					/Users/mflorkie/Documents/workspace/NestEgg/FacebookSDK,
				);
				INFOPLIST_FILE = NestEgg/Info.plist;
				LD_RUNPATH_SEARCH_PATHS = "$(inherited) @executable_path/Frameworks";
				PRODUCT_BUNDLE_IDENTIFIER = com.andrewchau.NestEgg;
				PRODUCT_NAME = "$(TARGET_NAME)";
				SWIFT_VERSION = 4.0;
				TARGETED_DEVICE_FAMILY = 1;
			};
			name = Release;
		};
/* End XCBuildConfiguration section */

/* Begin XCConfigurationList section */
		73EC656D1FCB292D00991F46 /* Build configuration list for PBXProject "NestEgg" */ = {
			isa = XCConfigurationList;
			buildConfigurations = (
				73EC65821FCB292D00991F46 /* Debug */,
				73EC65831FCB292D00991F46 /* Release */,
			);
			defaultConfigurationIsVisible = 0;
			defaultConfigurationName = Release;
		};
		73EC65841FCB292D00991F46 /* Build configuration list for PBXNativeTarget "NestEgg" */ = {
			isa = XCConfigurationList;
			buildConfigurations = (
				73EC65851FCB292D00991F46 /* Debug */,
				73EC65861FCB292D00991F46 /* Release */,
			);
			defaultConfigurationIsVisible = 0;
			defaultConfigurationName = Release;
		};
/* End XCConfigurationList section */
	};
	rootObject = 73EC656A1FCB292D00991F46 /* Project object */;
}
